
Microsoft Visual Studio Solution File, Format Version 12.00
# Visual Studio Version 16
VisualStudioVersion = 16.0.32413.511
MinimumVisualStudioVersion = 10.0.40219.1
Project("{8BC9CEB8-8B4A-11D0-8D11-00A0C91BC942}") = "QT_Json2Csv", "QT_Json2Csv\QT_Json2Csv.vcxproj", "{B6BBB528-85DE-40CE-90CB-7BAD8D76188A}"
EndProject
Global
	GlobalSection(SolutionConfigurationPlatforms) = preSolution
		Debug|x64 = Debug|x64
		Release|x64 = Release|x64
	EndGlobalSection
	GlobalSection(ProjectConfigurationPlatforms) = postSolution
		{B6BBB528-85DE-40CE-90CB-7BAD8D76188A}.Debug|x64.ActiveCfg = Debug|x64
		{B6BBB528-85DE-40CE-90CB-7BAD8D76188A}.Debug|x64.Build.0 = Debug|x64
		{B6BBB528-85DE-40CE-90CB-7BAD8D76188A}.Release|x64.ActiveCfg = Release|x64
		{B6BBB528-85DE-40CE-90CB-7BAD8D76188A}.Release|x64.Build.0 = Release|x64
	EndGlobalSection
	GlobalSection(SolutionProperties) = preSolution
		HideSolutionNode = FALSE
	EndGlobalSection
	GlobalSection(ExtensibilityGlobals) = postSolution
		SolutionGuid = {115C7992-672C-4E69-BF45-763A3A0AA566}
	EndGlobalSection
EndGlobal
